
Microsoft Visual Studio Solution File, Format Version 12.00
# Visual Studio Version 17
VisualStudioVersion = 17.0.31919.166
MinimumVisualStudioVersion = 10.0.40219.1
Project("{9A19103F-16F7-4668-BE54-9A1E7A4F7556}") = "July_23_Ass2", "July_23_Ass2\July_23_Ass2.csproj", "{BD554427-DAEB-4AF5-BA70-D1BCEE3F9FE1}"
EndProject
Project("{9A19103F-16F7-4668-BE54-9A1E7A4F7556}") = "3007_BTEC", "3007_BTEC\3007_BTEC.csproj", "{023DAA60-FD47-40A8-BBE2-AB296239103A}"
EndProject
Project("{FAE04EC0-301F-11D3-BF4B-00C04F79EFBC}") = "WebApplication1", "WebApplication1\WebApplication1.csproj", "{E0DB47CC-CC34-43B1-8BE0-92AD2E73E6C9}"
EndProject
Project("{9A19103F-16F7-4668-BE54-9A1E7A4F7556}") = "Assignment2_ObjectFactory", "Assignment2_ObjectFactory\Assignment2_ObjectFactory.csproj", "{9F96DFF4-CBD8-483E-9379-3AAC0B605116}"
EndProject
Project("{9A19103F-16F7-4668-BE54-9A1E7A4F7556}") = "testcsharo", "testcsharo\testcsharo.csproj", "{715D1023-3F53-4C90-AF99-5762E1EC6E82}"
EndProject
Project("{FAE04EC0-301F-11D3-BF4B-00C04F79EFBC}") = "TestCSharp01", "TestCSharp01\TestCSharp01.csproj", "{D1C09E6A-0A19-4ADE-91FE-75A3F744ECA9}"
EndProject
Global
	GlobalSection(SolutionConfigurationPlatforms) = preSolution
		Debug|Any CPU = Debug|Any CPU
		Release|Any CPU = Release|Any CPU
	EndGlobalSection
	GlobalSection(ProjectConfigurationPlatforms) = postSolution
		{BD554427-DAEB-4AF5-BA70-D1BCEE3F9FE1}.Debug|Any CPU.ActiveCfg = Debug|Any CPU
		{BD554427-DAEB-4AF5-BA70-D1BCEE3F9FE1}.Debug|Any CPU.Build.0 = Debug|Any CPU
		{BD554427-DAEB-4AF5-BA70-D1BCEE3F9FE1}.Release|Any CPU.ActiveCfg = Release|Any CPU
		{BD554427-DAEB-4AF5-BA70-D1BCEE3F9FE1}.Release|Any CPU.Build.0 = Release|Any CPU
		{023DAA60-FD47-40A8-BBE2-AB296239103A}.Debug|Any CPU.ActiveCfg = Debug|Any CPU
		{023DAA60-FD47-40A8-BBE2-AB296239103A}.Debug|Any CPU.Build.0 = Debug|Any CPU
		{023DAA60-FD47-40A8-BBE2-AB296239103A}.Release|Any CPU.ActiveCfg = Release|Any CPU
		{023DAA60-FD47-40A8-BBE2-AB296239103A}.Release|Any CPU.Build.0 = Release|Any CPU
		{E0DB47CC-CC34-43B1-8BE0-92AD2E73E6C9}.Debug|Any CPU.ActiveCfg = Debug|Any CPU
		{E0DB47CC-CC34-43B1-8BE0-92AD2E73E6C9}.Debug|Any CPU.Build.0 = Debug|Any CPU
		{E0DB47CC-CC34-43B1-8BE0-92AD2E73E6C9}.Release|Any CPU.ActiveCfg = Release|Any CPU
		{E0DB47CC-CC34-43B1-8BE0-92AD2E73E6C9}.Release|Any CPU.Build.0 = Release|Any CPU
		{9F96DFF4-CBD8-483E-9379-3AAC0B605116}.Debug|Any CPU.ActiveCfg = Debug|Any CPU
		{9F96DFF4-CBD8-483E-9379-3AAC0B605116}.Debug|Any CPU.Build.0 = Debug|Any CPU
		{9F96DFF4-CBD8-483E-9379-3AAC0B605116}.Release|Any CPU.ActiveCfg = Release|Any CPU
		{9F96DFF4-CBD8-483E-9379-3AAC0B605116}.Release|Any CPU.Build.0 = Release|Any CPU
		{715D1023-3F53-4C90-AF99-5762E1EC6E82}.Debug|Any CPU.ActiveCfg = Debug|Any CPU
		{715D1023-3F53-4C90-AF99-5762E1EC6E82}.Debug|Any CPU.Build.0 = Debug|Any CPU
		{715D1023-3F53-4C90-AF99-5762E1EC6E82}.Release|Any CPU.ActiveCfg = Release|Any CPU
		{715D1023-3F53-4C90-AF99-5762E1EC6E82}.Release|Any CPU.Build.0 = Release|Any CPU
		{D1C09E6A-0A19-4ADE-91FE-75A3F744ECA9}.Debug|Any CPU.ActiveCfg = Debug|Any CPU
		{D1C09E6A-0A19-4ADE-91FE-75A3F744ECA9}.Debug|Any CPU.Build.0 = Debug|Any CPU
		{D1C09E6A-0A19-4ADE-91FE-75A3F744ECA9}.Release|Any CPU.ActiveCfg = Release|Any CPU
		{D1C09E6A-0A19-4ADE-91FE-75A3F744ECA9}.Release|Any CPU.Build.0 = Release|Any CPU
	EndGlobalSection
	GlobalSection(SolutionProperties) = preSolution
		HideSolutionNode = FALSE
	EndGlobalSection
	GlobalSection(ExtensibilityGlobals) = postSolution
		SolutionGuid = {FDC83F43-BBEC-4ED6-AC2D-8B59ECB221A6}
	EndGlobalSection
EndGlobal
